
Microsoft Visual Studio Solution File, Format Version 12.00
# Visual Studio Version 17
VisualStudioVersion = 17.4.33927.135
MinimumVisualStudioVersion = 10.0.40219.1
Project("{FAE04EC0-301F-11D3-BF4B-00C04F79EFBC}") = "RPBNetGenerator", "RPBNetGenerator\RPBNetGenerator.csproj", "{BDF1F217-EB15-4319-9933-C19AC5A40C76}"
EndProject
Global
	GlobalSection(SolutionConfigurationPlatforms) = preSolution
		Debug|Any CPU = Debug|Any CPU
		Release|Any CPU = Release|Any CPU
	EndGlobalSection
	GlobalSection(ProjectConfigurationPlatforms) = postSolution
		{BDF1F217-EB15-4319-9933-C19AC5A40C76}.Debug|Any CPU.ActiveCfg = Debug|Any CPU
		{BDF1F217-EB15-4319-9933-C19AC5A40C76}.Debug|Any CPU.Build.0 = Debug|Any CPU
		{BDF1F217-EB15-4319-9933-C19AC5A40C76}.Release|Any CPU.ActiveCfg = Release|Any CPU
		{BDF1F217-EB15-4319-9933-C19AC5A40C76}.Release|Any CPU.Build.0 = Release|Any CPU
	EndGlobalSection
	GlobalSection(SolutionProperties) = preSolution
		HideSolutionNode = FALSE
	EndGlobalSection
	GlobalSection(ExtensibilityGlobals) = postSolution
		SolutionGuid = {C8595D65-7211-4F66-A50C-AFDAFB65D9D0}
	EndGlobalSection
EndGlobal
